
Microsoft Visual Studio Solution File, Format Version 12.00
# Visual Studio Version 17
VisualStudioVersion = 17.1.32210.238
MinimumVisualStudioVersion = 10.0.40219.1
Project("{FAE04EC0-301F-11D3-BF4B-00C04F79EFBC}") = "EasyVend Setup Scripts", "EasyVend Setup Scripts\EasyVend Setup Scripts.csproj", "{53CAC627-9285-436F-975C-B0F0C29E1D70}"
EndProject
Global
	GlobalSection(SolutionConfigurationPlatforms) = preSolution
		Debug|Any CPU = Debug|Any CPU
		Release|Any CPU = Release|Any CPU
	EndGlobalSection
	GlobalSection(ProjectConfigurationPlatforms) = postSolution
		{53CAC627-9285-436F-975C-B0F0C29E1D70}.Debug|Any CPU.ActiveCfg = Debug|Any CPU
		{53CAC627-9285-436F-975C-B0F0C29E1D70}.Debug|Any CPU.Build.0 = Debug|Any CPU
		{53CAC627-9285-436F-975C-B0F0C29E1D70}.Release|Any CPU.ActiveCfg = Release|Any CPU
		{53CAC627-9285-436F-975C-B0F0C29E1D70}.Release|Any CPU.Build.0 = Release|Any CPU
	EndGlobalSection
	GlobalSection(SolutionProperties) = preSolution
		HideSolutionNode = FALSE
	EndGlobalSection
	GlobalSection(ExtensibilityGlobals) = postSolution
		SolutionGuid = {F1049CAF-8A84-48E3-B5F4-A80D6A4A5A80}
	EndGlobalSection
EndGlobal
